// !$*UTF8*$!
{
	archiveVersion = 1;
	classes = {
	};
	objectVersion = 50;
	objects = {

/* Begin PBXBuildFile section */
		153A40E322FCD0B400574E43 /* main.m in Sources */ = {isa = PBXBuildFile; fileRef = 153A40E222FCD0B400574E43 /* main.m */; };
		153A40EB22FCD1C600574E43 /* Contact.m in Sources */ = {isa = PBXBuildFile; fileRef = 153A40EA22FCD1C600574E43 /* Contact.m */; };
		153A40EE22FCD1DE00574E43 /* ContactList.m in Sources */ = {isa = PBXBuildFile; fileRef = 153A40ED22FCD1DE00574E43 /* ContactList.m */; };
		153A40F122FCD1FB00574E43 /* InputCollector.m in Sources */ = {isa = PBXBuildFile; fileRef = 153A40F022FCD1FB00574E43 /* InputCollector.m */; };
/* End PBXBuildFile section */

/* Begin PBXCopyFilesBuildPhase section */
		153A40DD22FCD0B400574E43 /* CopyFiles */ = {
			isa = PBXCopyFilesBuildPhase;
			buildActionMask = 2147483647;
			dstPath = /usr/share/man/man1/;
			dstSubfolderSpec = 0;
			files = (
			);
			runOnlyForDeploymentPostprocessing = 1;
		};
/* End PBXCopyFilesBuildPhase section */

/* Begin PBXFileReference section */
		153A40DF22FCD0B400574E43 /* ContactList */ = {isa = PBXFileReference; explicitFileType = "compiled.mach-o.executable"; includeInIndex = 0; path = ContactList; sourceTree = BUILT_PRODUCTS_DIR; };
		153A40E222FCD0B400574E43 /* main.m */ = {isa = PBXFileReference; lastKnownFileType = sourcecode.c.objc; path = main.m; sourceTree = "<group>"; };
		153A40E922FCD1C600574E43 /* Contact.h */ = {isa = PBXFileReference; lastKnownFileType = sourcecode.c.h; path = Contact.h; sourceTree = "<group>"; };
		153A40EA22FCD1C600574E43 /* Contact.m */ = {isa = PBXFileReference; lastKnownFileType = sourcecode.c.objc; path = Contact.m; sourceTree = "<group>"; };
		153A40EC22FCD1DE00574E43 /* ContactList.h */ = {isa = PBXFileReference; lastKnownFileType = sourcecode.c.h; path = ContactList.h; sourceTree = "<group>"; };
		153A40ED22FCD1DE00574E43 /* ContactList.m */ = {isa = PBXFileReference; lastKnownFileType = sourcecode.c.objc; path = ContactList.m; sourceTree = "<group>"; };
		153A40EF22FCD1FB00574E43 /* InputCollector.h */ = {isa = PBXFileReference; lastKnownFileType = sourcecode.c.h; path = InputCollector.h; sourceTree = "<group>"; };
		153A40F022FCD1FB00574E43 /* InputCollector.m */ = {isa = PBXFileReference; lastKnownFileType = sourcecode.c.objc; path = InputCollector.m; sourceTree = "<group>"; };
/* End PBXFileReference section */

/* Begin PBXFrameworksBuildPhase section */
		153A40DC22FCD0B400574E43 /* Frameworks */ = {
			isa = PBXFrameworksBuildPhase;
			buildActionMask = 2147483647;
			files = (
			);
			runOnlyForDeploymentPostprocessing = 0;
		};
/* End PBXFrameworksBuildPhase section */

/* Begin PBXGroup section */
		153A40D622FCD0B400574E43 = {
			isa = PBXGroup;
			children = (
				153A40E122FCD0B400574E43 /* ContactList */,
				153A40E022FCD0B400574E43 /* Products */,
			);
			sourceTree = "<group>";
		};
		153A40E022FCD0B400574E43 /* Products */ = {
			isa = PBXGroup;
			children = (
				153A40DF22FCD0B400574E43 /* ContactList */,
			);
			name = Products;
			sourceTree = "<group>";
		};
		153A40E122FCD0B400574E43 /* ContactList */ = {
			isa = PBXGroup;
			children = (
				153A40E222FCD0B400574E43 /* main.m */,
				153A40E922FCD1C600574E43 /* Contact.h */,
				153A40EA22FCD1C600574E43 /* Contact.m */,
				153A40EC22FCD1DE00574E43 /* ContactList.h */,
				153A40ED22FCD1DE00574E43 /* ContactList.m */,
				153A40EF22FCD1FB00574E43 /* InputCollector.h */,
				153A40F022FCD1FB00574E43 /* InputCollector.m */,
			);
			path = ContactList;
			sourceTree = "<group>";
		};
/* End PBXGroup section */

/* Begin PBXNativeTarget section */
		153A40DE22FCD0B400574E43 /* ContactList */ = {
			isa = PBXNativeTarget;
			buildConfigurationList = 153A40E622FCD0B400574E43 /* Build configuration list for PBXNativeTarget "ContactList" */;
			buildPhases = (
				153A40DB22FCD0B400574E43 /* Sources */,
				153A40DC22FCD0B400574E43 /* Frameworks */,
				153A40DD22FCD0B400574E43 /* CopyFiles */,
			);
			buildRules = (
			);
			dependencies = (
			);
			name = ContactList;
			productName = ContactList;
			productReference = 153A40DF22FCD0B400574E43 /* ContactList */;
			productType = "com.apple.product-type.tool";
		};
/* End PBXNativeTarget section */

/* Begin PBXProject section */
		153A40D722FCD0B400574E43 /* Project object */ = {
			isa = PBXProject;
			attributes = {
				LastUpgradeCheck = 1030;
				ORGANIZATIONNAME = "Sean Chien";
				TargetAttributes = {
					153A40DE22FCD0B400574E43 = {
						CreatedOnToolsVersion = 10.3;
					};
				};
			};
			buildConfigurationList = 153A40DA22FCD0B400574E43 /* Build configuration list for PBXProject "ContactList" */;
			compatibilityVersion = "Xcode 9.3";
			developmentRegion = en;
			hasScannedForEncodings = 0;
			knownRegions = (
				en,
			);
			mainGroup = 153A40D622FCD0B400574E43;
			productRefGroup = 153A40E022FCD0B400574E43 /* Products */;
			projectDirPath = "";
			projectRoot = "";
			targets = (
				153A40DE22FCD0B400574E43 /* ContactList */,
			);
		};
/* End PBXProject section */

/* Begin PBXSourcesBuildPhase section */
		153A40DB22FCD0B400574E43 /* Sources */ = {
			isa = PBXSourcesBuildPhase;
			buildActionMask = 2147483647;
			files = (
				153A40EE22FCD1DE00574E43 /* ContactList.m in Sources */,
				153A40EB22FCD1C600574E43 /* Contact.m in Sources */,
				153A40F122FCD1FB00574E43 /* InputCollector.m in Sources */,
				153A40E322FCD0B400574E43 /* main.m in Sources */,
			);
			runOnlyForDeploymentPostprocessing = 0;
		};
/* End PBXSourcesBuildPhase section */

/* Begin XCBuildConfiguration section */
		153A40E422FCD0B400574E43 /* Debug */ = {
			isa = XCBuildConfiguration;
			buildSettings = {
				ALWAYS_SEARCH_USER_PATHS = NO;
				CLANG_ANALYZER_NONNULL = YES;
				CLANG_ANALYZER_NUMBER_OBJECT_CONVERSION = YES_AGGRESSIVE;
				CLANG_CXX_LANGUAGE_STANDARD = "gnu++14";
				CLANG_CXX_LIBRARY = "libc++";
				CLANG_ENABLE_MODULES = YES;
				CLANG_ENABLE_OBJC_ARC = YES;
				CLANG_ENABLE_OBJC_WEAK = YES;
				CLANG_WARN_BLOCK_CAPTURE_AUTORELEASING = YES;
				CLANG_WARN_BOOL_CONVERSION = YES;
				CLANG_WARN_COMMA = YES;
				CLANG_WARN_CONSTANT_CONVERSION = YES;
				CLANG_WARN_DEPRECATED_OBJC_IMPLEMENTATIONS = YES;
				CLANG_WARN_DIRECT_OBJC_ISA_USAGE = YES_ERROR;
				CLANG_WARN_DOCUMENTATION_COMMENTS = YES;
				CLANG_WARN_EMPTY_BODY = YES;
				CLANG_WARN_ENUM_CONVERSION = YES;
				CLANG_WARN_INFINITE_RECURSION = YES;
				CLANG_WARN_INT_CONVERSION = YES;
				CLANG_WARN_NON_LITERAL_NULL_CONVERSION = YES;
				CLANG_WARN_OBJC_IMPLICIT_RETAIN_SELF = YES;
				CLANG_WARN_OBJC_LITERAL_CONVERSION = YES;
				CLANG_WARN_OBJC_ROOT_CLASS = YES_ERROR;
				CLANG_WARN_RANGE_LOOP_ANALYSIS = YES;
				CLANG_WARN_STRICT_PROTOTYPES = YES;
				CLANG_WARN_SUSPICIOUS_MOVE = YES;
				CLANG_WARN_UNGUARDED_AVAILABILITY = YES_AGGRESSIVE;
				CLANG_WARN_UNREACHABLE_CODE = YES;
				CLANG_WARN__DUPLICATE_METHOD_MATCH = YES;
				CODE_SIGN_IDENTITY = "Mac Developer";
				COPY_PHASE_STRIP = NO;
				DEBUG_INFORMATION_FORMAT = dwarf;
				ENABLE_STRICT_OBJC_MSGSEND = YES;
				ENABLE_TESTABILITY = YES;
				GCC_C_LANGUAGE_STANDARD = gnu11;
				GCC_DYNAMIC_NO_PIC = NO;
				GCC_NO_COMMON_BLOCKS = YES;
				GCC_OPTIMIZATION_LEVEL = 0;
				GCC_PREPROCESSOR_DEFINITIONS = (
					"DEBUG=1",
					"$(inherited)",
				);
				GCC_WARN_64_TO_32_BIT_CONVERSION = YES;
				GCC_WARN_ABOUT_RETURN_TYPE = YES_ERROR;
				GCC_WARN_UNDECLARED_SELECTOR = YES;
				GCC_WARN_UNINITIALIZED_AUTOS = YES_AGGRESSIVE;
				GCC_WARN_UNUSED_FUNCTION = YES;
				GCC_WARN_UNUSED_VARIABLE = YES;
				MACOSX_DEPLOYMENT_TARGET = 10.14;
				MTL_ENABLE_DEBUG_INFO = INCLUDE_SOURCE;
				MTL_FAST_MATH = YES;
				ONLY_ACTIVE_ARCH = YES;
				SDKROOT = macosx;
			};
			name = Debug;
		};
		153A40E522FCD0B400574E43 /* Release */ = {
			isa = XCBuildConfiguration;
			buildSettings = {
				ALWAYS_SEARCH_USER_PATHS = NO;
				CLANG_ANALYZER_NONNULL = YES;
				CLANG_ANALYZER_NUMBER_OBJECT_CONVERSION = YES_AGGRESSIVE;
				CLANG_CXX_LANGUAGE_STANDARD = "gnu++14";
				CLANG_CXX_LIBRARY = "libc++";
				CLANG_ENABLE_MODULES = YES;
				CLANG_ENABLE_OBJC_ARC = YES;
				CLANG_ENABLE_OBJC_WEAK = YES;
				CLANG_WARN_BLOCK_CAPTURE_AUTORELEASING = YES;
				CLANG_WARN_BOOL_CONVERSION = YES;
				CLANG_WARN_COMMA = YES;
				CLANG_WARN_CONSTANT_CONVERSION = YES;
				CLANG_WARN_DEPRECATED_OBJC_IMPLEMENTATIONS = YES;
				CLANG_WARN_DIRECT_OBJC_ISA_USAGE = YES_ERROR;
				CLANG_WARN_DOCUMENTATION_COMMENTS = YES;
				CLANG_WARN_EMPTY_BODY = YES;
				CLANG_WARN_ENUM_CONVERSION = YES;
				CLANG_WARN_INFINITE_RECURSION = YES;
				CLANG_WARN_INT_CONVERSION = YES;
				CLANG_WARN_NON_LITERAL_NULL_CONVERSION = YES;
				CLANG_WARN_OBJC_IMPLICIT_RETAIN_SELF = YES;
				CLANG_WARN_OBJC_LITERAL_CONVERSION = YES;
				CLANG_WARN_OBJC_ROOT_CLASS = YES_ERROR;
				CLANG_WARN_RANGE_LOOP_ANALYSIS = YES;
				CLANG_WARN_STRICT_PROTOTYPES = YES;
				CLANG_WARN_SUSPICIOUS_MOVE = YES;
				CLANG_WARN_UNGUARDED_AVAILABILITY = YES_AGGRESSIVE;
				CLANG_WARN_UNREACHABLE_CODE = YES;
				CLANG_WARN__DUPLICATE_METHOD_MATCH = YES;
				CODE_SIGN_IDENTITY = "Mac Developer";
				COPY_PHASE_STRIP = NO;
				DEBUG_INFORMATION_FORMAT = "dwarf-with-dsym";
				ENABLE_NS_ASSERTIONS = NO;
				ENABLE_STRICT_OBJC_MSGSEND = YES;
				GCC_C_LANGUAGE_STANDARD = gnu11;
				GCC_NO_COMMON_BLOCKS = YES;
				GCC_WARN_64_TO_32_BIT_CONVERSION = YES;
				GCC_WARN_ABOUT_RETURN_TYPE = YES_ERROR;
				GCC_WARN_UNDECLARED_SELECTOR = YES;
				GCC_WARN_UNINITIALIZED_AUTOS = YES_AGGRESSIVE;
				GCC_WARN_UNUSED_FUNCTION = YES;
				GCC_WARN_UNUSED_VARIABLE = YES;
				MACOSX_DEPLOYMENT_TARGET = 10.14;
				MTL_ENABLE_DEBUG_INFO = NO;
				MTL_FAST_MATH = YES;
				SDKROOT = macosx;
			};
			name = Release;
		};
		153A40E722FCD0B400574E43 /* Debug */ = {
			isa = XCBuildConfiguration;
			buildSettings = {
				CODE_SIGN_STYLE = Automatic;
				DEVELOPMENT_TEAM = 8UWJ4HJ37L;
				PRODUCT_NAME = "$(TARGET_NAME)";
			};
			name = Debug;
		};
		153A40E822FCD0B400574E43 /* Release */ = {
			isa = XCBuildConfiguration;
			buildSettings = {
				CODE_SIGN_STYLE = Automatic;
				DEVELOPMENT_TEAM = 8UWJ4HJ37L;
				PRODUCT_NAME = "$(TARGET_NAME)";
			};
			name = Release;
		};
/* End XCBuildConfiguration section */

/* Begin XCConfigurationList section */
		153A40DA22FCD0B400574E43 /* Build configuration list for PBXProject "ContactList" */ = {
			isa = XCConfigurationList;
			buildConfigurations = (
				153A40E422FCD0B400574E43 /* Debug */,
				153A40E522FCD0B400574E43 /* Release */,
			);
			defaultConfigurationIsVisible = 0;
			defaultConfigurationName = Release;
		};
		153A40E622FCD0B400574E43 /* Build configuration list for PBXNativeTarget "ContactList" */ = {
			isa = XCConfigurationList;
			buildConfigurations = (
				153A40E722FCD0B400574E43 /* Debug */,
				153A40E822FCD0B400574E43 /* Release */,
			);
			defaultConfigurationIsVisible = 0;
			defaultConfigurationName = Release;
		};
/* End XCConfigurationList section */
	};
	rootObject = 153A40D722FCD0B400574E43 /* Project object */;
}
